PODS:
  - Flutter (1.0.0)
  - refiner_flutter (0.0.1):
    - Flutter
    - RefinerSDK
  - RefinerSDK (1.2.2)

DEPENDENCIES:
  - Flutter (from `Flutter`)
  - refiner_flutter (from `.symlinks/plugins/refiner_flutter/ios`)

SPEC REPOS:
  trunk:
    - RefinerSDK

EXTERNAL SOURCES:
  Flutter:
    :path: Flutter
  refiner_flutter:
    :path: ".symlinks/plugins/refiner_flutter/ios"

SPEC CHECKSUMS:
  Flutter: f04841e97a9d0b0a8025694d0796dd46242b2854
  refiner_flutter: 3d2ce8a3023290d7e4a1f919932eb17fe8393773
  RefinerSDK: 99050fecda06b124e94d40f35e5496363435e16a

PODFILE CHECKSUM: 4c64b8822a40c51952c13084ada564dce0e5d7c2

COCOAPODS: 1.12.1
