PODS:
  - Flutter (1.0.0)
  - refiner_flutter (1.6.2):
    - Flutter
    - RefinerSDK (~> 1.5.5)
  - RefinerSDK (1.5.5)

DEPENDENCIES:
  - Flutter (from `Flutter`)
  - refiner_flutter (from `.symlinks/plugins/refiner_flutter/ios`)

SPEC REPOS:
  trunk:
    - RefinerSDK

EXTERNAL SOURCES:
  Flutter:
    :path: Flutter
  refiner_flutter:
    :path: ".symlinks/plugins/refiner_flutter/ios"

SPEC CHECKSUMS:
  Flutter: e0871f40cf51350855a761d2e70bf5af5b9b5de7
  refiner_flutter: aab44832a92b843ee66dc6faee6bbc2330faa4ce
  RefinerSDK: 16fe0f98480a926f99f3670f31b6244042724c39

PODFILE CHECKSUM: af4d6a91ad0cb7298a93ba8e98e5dde0f0e9b25f

COCOAPODS: 1.15.2
